<?xml version="1.0" encoding="utf-8"?>
<Project ToolsVersion="4.0" xmlns="http://schemas.microsoft.com/developer/msbuild/2003">
  <ItemGroup>
    <Filter Include="Source Files">
      <UniqueIdentifier>{4FC737F1-C7A5-4376-A066-2A32D752A2FF}</UniqueIdentifier>
      <Extensions>qml;cpp;c;cc;cxx;def;odl;idl;hpj;bat;asm;asmx</Extensions>
    </Filter>
    <Filter Include="Header Files">
      <UniqueIdentifier>{93995380-89BD-4b04-88EB-625FBE52EBFB}</UniqueIdentifier>
      <Extensions>h;hh;hpp;hxx;hm;inl;inc;xsd</Extensions>
    </Filter>
    <Filter Include="Resource Files">
      <UniqueIdentifier>{67DA6AB6-F800-4c08-8B7A-83BB121AAD01}</UniqueIdentifier>
      <Extensions>qrc;rc;ico;cur;bmp;dlg;rc2;rct;bin;rgs;gif;jpg;jpeg;jpe;resx;tiff;tif;png;wav;mfcribbon-ms</Extensions>
    </Filter>
    <Filter Include="Form Files">
      <UniqueIdentifier>{99349809-55BA-4b9d-BF79-8FDBB0286EB3}</UniqueIdentifier>
      <Extensions>ui</Extensions>
    </Filter>
    <Filter Include="Translation Files">
      <UniqueIdentifier>{639EADAA-A684-42e4-A9AD-28FC9BCB8F7C}</UniqueIdentifier>
      <Extensions>ts</Extensions>
    </Filter>
  </ItemGroup>
  <ItemGroup>
    <ClCompile Include="Src\Main.cpp">
      <Filter>Source Files</Filter>
    </ClCompile>
    <ClCompile Include="Src\Example\EGameInstance.cpp">
      <Filter>Source Files</Filter>
    </ClCompile>
    <ClCompile Include="Src\Example\EActor.cpp">
      <Filter>Source Files</Filter>
    </ClCompile>
    <ClCompile Include="Src\Loader\LProjectLoader.cpp">
      <Filter>Source Files</Filter>
    </ClCompile>
    <ClCompile Include="Src\Example\EGameModule.cpp">
      <Filter>Source Files</Filter>
    </ClCompile>
    <ClCompile Include="Src\CommandLine\LCommandLine.cpp">
      <Filter>Source Files</Filter>
    </ClCompile>
    <ClCompile Include="Src\CommandLine\LCommandRegistry.cpp">
      <Filter>Source Files</Filter>
    </ClCompile>
    <ClCompile Include="Src\CommandLine\BuiltinCommands\CreateProjectCommand.cpp">
      <Filter>Source Files</Filter>
    </ClCompile>
    <ClCompile Include="Src\Loader\LProjectTool.cpp">
      <Filter>Source Files</Filter>
    </ClCompile>
    <ClCompile Include="Src\CommandLine\BuiltinCommands\HelpCommand.cpp">
      <Filter>Source Files</Filter>
    </ClCompile>
    <ClCompile Include="Src\CommandLine\BuiltinCommands\RunProjectCommand.cpp">
      <Filter>Source Files</Filter>
    </ClCompile>
    <ClCompile Include="Src\Loader\LGameBootstrap.cpp">
      <Filter>Source Files</Filter>
    </ClCompile>
  </ItemGroup>
  <ItemGroup>
    <ClInclude Include="Src\Example\EGameInstance.h">
      <Filter>Header Files</Filter>
    </ClInclude>
    <ClInclude Include="Src\Example\EActor.h">
      <Filter>Header Files</Filter>
    </ClInclude>
    <ClInclude Include="Src\Loader\LProjectLoader.h">
      <Filter>Header Files</Filter>
    </ClInclude>
    <ClInclude Include="Src\Example\EGameModule.h">
      <Filter>Header Files</Filter>
    </ClInclude>
    <ClInclude Include="Src\Loader\LProjectInfo.h">
      <Filter>Header Files</Filter>
    </ClInclude>
    <ClInclude Include="Src\CommandLine\LCommandLine.h">
      <Filter>Header Files</Filter>
    </ClInclude>
    <ClInclude Include="Src\CommandLine\LCommand.h">
      <Filter>Header Files</Filter>
    </ClInclude>
    <ClInclude Include="Src\CommandLine\BuiltinCommands\CreateProjectCommand.h">
      <Filter>Header Files</Filter>
    </ClInclude>
    <ClInclude Include="Src\CommandLine\LCommandRegistry.h">
      <Filter>Header Files</Filter>
    </ClInclude>
    <ClInclude Include="Src\Loader\LProjectTool.h">
      <Filter>Header Files</Filter>
    </ClInclude>
    <ClInclude Include="Src\CommandLine\BuiltinCommands\HelpCommand.h">
      <Filter>Header Files</Filter>
    </ClInclude>
    <ClInclude Include="Src\CommandLine\BuiltinCommands\RunProjectCommand.h">
      <Filter>Header Files</Filter>
    </ClInclude>
    <ClInclude Include="Src\Loader\RunEngineWithProject.h">
      <Filter>Header Files</Filter>
    </ClInclude>
    <ClInclude Include="Src\Loader\LGameBootstrap.h">
      <Filter>Header Files</Filter>
    </ClInclude>
  </ItemGroup>
  <ItemGroup>
    <None Include="Src\Templates\CMakeLists.txt.in" />
    <None Include="Src\Templates\Source\GameModule.h.in" />
    <None Include="Src\Templates\Source\GameModule.cpp.in" />
    <None Include="Src\Templates\Source\GameInstance.h.in" />
    <None Include="Src\Templates\Source\GameInstance.cpp.in" />
    <None Include="Src\Templates\project.luproject.in" />
    <None Include="Src\Templates\Source\CMakeLists.txt.in" />
    <None Include="Src\Templates\Source\GameExport.h.in" />
    <None Include="Src\Templates\Source\GameActor.h.in" />
    <None Include="Src\Templates\Source\GameActor.cpp.in" />
  </ItemGroup>
</Project>